
Microsoft Visual Studio Solution File, Format Version 12.00
# Visual Studio 14
VisualStudioVersion = 14.0.24720.0
MinimumVisualStudioVersion = 10.0.40219.1
Project("{FAE04EC0-301F-11D3-BF4B-00C04F79EFBC}") = "Treesor", "Treesor\Treesor.csproj", "{D045251B-CE34-4DE6-A822-801ABEF8E7D5}"
EndProject
Project("{FAE04EC0-301F-11D3-BF4B-00C04F79EFBC}") = "Treesor.Test", "Treesor.Test\Treesor.Test.csproj", "{1900B39F-B409-4DA1-B829-46128A56E06A}"
EndProject
Project("{FAE04EC0-301F-11D3-BF4B-00C04F79EFBC}") = "Treesor.Application.Test", "Treesor.Application.Test\Treesor.Application.Test.csproj", "{E2DAB934-BF22-4C72-88B2-167E81B2EB76}"
EndProject
Project("{FAE04EC0-301F-11D3-BF4B-00C04F79EFBC}") = "Treesor.IntegTest", "Treesor.IntegTest\Treesor.IntegTest.csproj", "{E4402990-7659-4DF6-BC31-195EA8776BB8}"
EndProject
Project("{FAE04EC0-301F-11D3-BF4B-00C04F79EFBC}") = "Treesor.PowershellDriveProvider", "Treesor.PowershellDriveProvider\Treesor.PowershellDriveProvider.csproj", "{870D0914-D357-4AA9-A46F-4AA69FD721CD}"
EndProject
Project("{FAE04EC0-301F-11D3-BF4B-00C04F79EFBC}") = "Treesor.PowershellDriveProvider.IntegTest", "Treesor.PowershellDriveProvider.IntegTest\Treesor.PowershellDriveProvider.IntegTest.csproj", "{623B922D-10B1-4228-B239-61BD61BB98CB}"
EndProject
Project("{FAE04EC0-301F-11D3-BF4B-00C04F79EFBC}") = "Treesor.PowershellDriveProvider.Test", "Treesor.PowershellDriveProvider.Test\Treesor.PowershellDriveProvider.Test.csproj", "{294D622C-1361-4414-AF17-6998FB577FEB}"
EndProject
Project("{FAE04EC0-301F-11D3-BF4B-00C04F79EFBC}") = "Treesor.Client", "Treesor.Client\Treesor.Client.csproj", "{59D182A0-6062-498B-A927-6DDBF9B06F61}"
EndProject
Project("{FAE04EC0-301F-11D3-BF4B-00C04F79EFBC}") = "Treesor.Client.Test", "Treesor.Client.Test\Treesor.Client.Test.csproj", "{1A2DF6F2-74D4-4A6B-83A7-CBF6BD9DA59E}"
EndProject
Project("{2150E333-8FDC-42A3-9474-1A3956D46DE8}") = "Server", "Server", "{3B91939E-8546-4BEB-87CC-9BE743CC98F9}"
EndProject
Global
	GlobalSection(SolutionConfigurationPlatforms) = preSolution
		Debug|Any CPU = Debug|Any CPU
		Release|Any CPU = Release|Any CPU
	EndGlobalSection
	GlobalSection(ProjectConfigurationPlatforms) = postSolution
		{D045251B-CE34-4DE6-A822-801ABEF8E7D5}.Debug|Any CPU.ActiveCfg = Debug|Any CPU
		{D045251B-CE34-4DE6-A822-801ABEF8E7D5}.Debug|Any CPU.Build.0 = Debug|Any CPU
		{D045251B-CE34-4DE6-A822-801ABEF8E7D5}.Release|Any CPU.ActiveCfg = Release|Any CPU
		{D045251B-CE34-4DE6-A822-801ABEF8E7D5}.Release|Any CPU.Build.0 = Release|Any CPU
		{1900B39F-B409-4DA1-B829-46128A56E06A}.Debug|Any CPU.ActiveCfg = Debug|Any CPU
		{1900B39F-B409-4DA1-B829-46128A56E06A}.Debug|Any CPU.Build.0 = Debug|Any CPU
		{1900B39F-B409-4DA1-B829-46128A56E06A}.Release|Any CPU.ActiveCfg = Release|Any CPU
		{1900B39F-B409-4DA1-B829-46128A56E06A}.Release|Any CPU.Build.0 = Release|Any CPU
		{E2DAB934-BF22-4C72-88B2-167E81B2EB76}.Debug|Any CPU.ActiveCfg = Debug|Any CPU
		{E2DAB934-BF22-4C72-88B2-167E81B2EB76}.Debug|Any CPU.Build.0 = Debug|Any CPU
		{E2DAB934-BF22-4C72-88B2-167E81B2EB76}.Release|Any CPU.ActiveCfg = Release|Any CPU
		{E2DAB934-BF22-4C72-88B2-167E81B2EB76}.Release|Any CPU.Build.0 = Release|Any CPU
		{E4402990-7659-4DF6-BC31-195EA8776BB8}.Debug|Any CPU.ActiveCfg = Debug|Any CPU
		{E4402990-7659-4DF6-BC31-195EA8776BB8}.Debug|Any CPU.Build.0 = Debug|Any CPU
		{E4402990-7659-4DF6-BC31-195EA8776BB8}.Release|Any CPU.ActiveCfg = Release|Any CPU
		{E4402990-7659-4DF6-BC31-195EA8776BB8}.Release|Any CPU.Build.0 = Release|Any CPU
		{870D0914-D357-4AA9-A46F-4AA69FD721CD}.Debug|Any CPU.ActiveCfg = Debug|Any CPU
		{870D0914-D357-4AA9-A46F-4AA69FD721CD}.Debug|Any CPU.Build.0 = Debug|Any CPU
		{870D0914-D357-4AA9-A46F-4AA69FD721CD}.Release|Any CPU.ActiveCfg = Release|Any CPU
		{870D0914-D357-4AA9-A46F-4AA69FD721CD}.Release|Any CPU.Build.0 = Release|Any CPU
		{623B922D-10B1-4228-B239-61BD61BB98CB}.Debug|Any CPU.ActiveCfg = Debug|Any CPU
		{623B922D-10B1-4228-B239-61BD61BB98CB}.Debug|Any CPU.Build.0 = Debug|Any CPU
		{623B922D-10B1-4228-B239-61BD61BB98CB}.Release|Any CPU.ActiveCfg = Release|Any CPU
		{623B922D-10B1-4228-B239-61BD61BB98CB}.Release|Any CPU.Build.0 = Release|Any CPU
		{294D622C-1361-4414-AF17-6998FB577FEB}.Debug|Any CPU.ActiveCfg = Debug|Any CPU
		{294D622C-1361-4414-AF17-6998FB577FEB}.Debug|Any CPU.Build.0 = Debug|Any CPU
		{294D622C-1361-4414-AF17-6998FB577FEB}.Release|Any CPU.ActiveCfg = Release|Any CPU
		{294D622C-1361-4414-AF17-6998FB577FEB}.Release|Any CPU.Build.0 = Release|Any CPU
		{59D182A0-6062-498B-A927-6DDBF9B06F61}.Debug|Any CPU.ActiveCfg = Debug|Any CPU
		{59D182A0-6062-498B-A927-6DDBF9B06F61}.Debug|Any CPU.Build.0 = Debug|Any CPU
		{59D182A0-6062-498B-A927-6DDBF9B06F61}.Release|Any CPU.ActiveCfg = Release|Any CPU
		{59D182A0-6062-498B-A927-6DDBF9B06F61}.Release|Any CPU.Build.0 = Release|Any CPU
		{1A2DF6F2-74D4-4A6B-83A7-CBF6BD9DA59E}.Debug|Any CPU.ActiveCfg = Debug|Any CPU
		{1A2DF6F2-74D4-4A6B-83A7-CBF6BD9DA59E}.Debug|Any CPU.Build.0 = Debug|Any CPU
		{1A2DF6F2-74D4-4A6B-83A7-CBF6BD9DA59E}.Release|Any CPU.ActiveCfg = Release|Any CPU
		{1A2DF6F2-74D4-4A6B-83A7-CBF6BD9DA59E}.Release|Any CPU.Build.0 = Release|Any CPU
	EndGlobalSection
	GlobalSection(SolutionProperties) = preSolution
		HideSolutionNode = FALSE
	EndGlobalSection
	GlobalSection(NestedProjects) = preSolution
		{D045251B-CE34-4DE6-A822-801ABEF8E7D5} = {3B91939E-8546-4BEB-87CC-9BE743CC98F9}
		{1900B39F-B409-4DA1-B829-46128A56E06A} = {3B91939E-8546-4BEB-87CC-9BE743CC98F9}
		{59D182A0-6062-498B-A927-6DDBF9B06F61} = {3B91939E-8546-4BEB-87CC-9BE743CC98F9}
		{1A2DF6F2-74D4-4A6B-83A7-CBF6BD9DA59E} = {3B91939E-8546-4BEB-87CC-9BE743CC98F9}
	EndGlobalSection
EndGlobal
